
Microsoft Visual Studio Solution File, Format Version 12.00
# Visual Studio Version 17
VisualStudioVersion = 17.9.34616.47
MinimumVisualStudioVersion = 10.0.40219.1
Project("{FAE04EC0-301F-11D3-BF4B-00C04F79EFBC}") = "E-Voting Application", "E-Voting Application.csproj", "{B3FFEF23-D1FD-464B-8428-3EACFBCFFCFD}"
EndProject
Global
	GlobalSection(SolutionConfigurationPlatforms) = preSolution
		Debug|Any CPU = Debug|Any CPU
		Release|Any CPU = Release|Any CPU
	EndGlobalSection
	GlobalSection(ProjectConfigurationPlatforms) = postSolution
		{B3FFEF23-D1FD-464B-8428-3EACFBCFFCFD}.Debug|Any CPU.ActiveCfg = Debug|Any CPU
		{B3FFEF23-D1FD-464B-8428-3EACFBCFFCFD}.Debug|Any CPU.Build.0 = Debug|Any CPU
		{B3FFEF23-D1FD-464B-8428-3EACFBCFFCFD}.Release|Any CPU.ActiveCfg = Release|Any CPU
		{B3FFEF23-D1FD-464B-8428-3EACFBCFFCFD}.Release|Any CPU.Build.0 = Release|Any CPU
	EndGlobalSection
	GlobalSection(SolutionProperties) = preSolution
		HideSolutionNode = FALSE
	EndGlobalSection
	GlobalSection(ExtensibilityGlobals) = postSolution
		SolutionGuid = {B724C69E-B751-4EB4-926F-697109CFA371}
	EndGlobalSection
EndGlobal
